
Microsoft Visual Studio Solution File, Format Version 12.00
# Visual Studio 15
VisualStudioVersion = 15.0.28010.2041
MinimumVisualStudioVersion = 10.0.40219.1
Project("{FAE04EC0-301F-11D3-BF4B-00C04F79EFBC}") = "ACForgeDump", "ACForgeDump\ACForgeDump.csproj", "{51F97D7F-73E3-432F-9B45-8BD321E702A9}"
EndProject
Global
	GlobalSection(SolutionConfigurationPlatforms) = preSolution
		Debug|Any CPU = Debug|Any CPU
		Release|Any CPU = Release|Any CPU
	EndGlobalSection
	GlobalSection(ProjectConfigurationPlatforms) = postSolution
		{51F97D7F-73E3-432F-9B45-8BD321E702A9}.Debug|Any CPU.ActiveCfg = Debug|Any CPU
		{51F97D7F-73E3-432F-9B45-8BD321E702A9}.Debug|Any CPU.Build.0 = Debug|Any CPU
		{51F97D7F-73E3-432F-9B45-8BD321E702A9}.Release|Any CPU.ActiveCfg = Release|Any CPU
		{51F97D7F-73E3-432F-9B45-8BD321E702A9}.Release|Any CPU.Build.0 = Release|Any CPU
	EndGlobalSection
	GlobalSection(SolutionProperties) = preSolution
		HideSolutionNode = FALSE
	EndGlobalSection
	GlobalSection(ExtensibilityGlobals) = postSolution
		SolutionGuid = {A9B9DA21-5D13-4A1F-95CD-7080367A6BAD}
	EndGlobalSection
EndGlobal
